{
  "version": 4,
  "terraform_version": "1.11.2",
  "serial": 16,
  "lineage": "72c00aba-f35b-7dcb-3ac3-ece5bf7d2179",
  "outputs": {},
  "resources": [
    {
      "mode": "managed",
      "type": "azurerm_resource_group",
      "name": "rg",
      "provider": "provider[\"registry.terraform.io/hashicorp/azurerm\"]",
      "instances": [
        {
          "schema_version": 0,
          "attributes": {
            "id": "/subscriptions/305a475e-85bd-403d-b0b6-eaef09f2775d/resourceGroups/rg-default-recipes",
            "location": "polandcentral",
            "managed_by": "",
            "name": "rg-default-recipes",
            "tags": {},
            "timeouts": null
          },
          "sensitive_attributes": [],
          "private": "eyJlMmJmYjczMC1lY2FhLTExZTYtOGY4OC0zNDM2M2JjN2M0YzAiOnsiY3JlYXRlIjo1NDAwMDAwMDAwMDAwLCJkZWxldGUiOjU0MDAwMDAwMDAwMDAsInJlYWQiOjMwMDAwMDAwMDAwMCwidXBkYXRlIjo1NDAwMDAwMDAwMDAwfX0="
        }
      ]
    },
    {
      "module": "module.db",
      "mode": "managed",
      "type": "azurerm_network_security_group",
      "name": "nsg",
      "provider": "provider[\"registry.terraform.io/hashicorp/azurerm\"]",
      "instances": [
        {
          "schema_version": 0,
          "attributes": {
            "id": "/subscriptions/305a475e-85bd-403d-b0b6-eaef09f2775d/resourceGroups/rg-default-recipes/providers/Microsoft.Network/networkSecurityGroups/nsg-default-recipes",
            "location": "polandcentral",
            "name": "nsg-default-recipes",
            "resource_group_name": "rg-default-recipes",
            "security_rule": [
              {
                "access": "Allow",
                "description": "",
                "destination_address_prefix": "*",
                "destination_address_prefixes": [],
                "destination_application_security_group_ids": [],
                "destination_port_range": "*",
                "destination_port_ranges": [],
                "direction": "Inbound",
                "name": "nsgsecrule",
                "priority": 100,
                "protocol": "Tcp",
                "source_address_prefix": "*",
                "source_address_prefixes": [],
                "source_application_security_group_ids": [],
                "source_port_range": "*",
                "source_port_ranges": []
              }
            ],
            "tags": {},
            "timeouts": null
          },
          "sensitive_attributes": [],
          "private": "eyJlMmJmYjczMC1lY2FhLTExZTYtOGY4OC0zNDM2M2JjN2M0YzAiOnsiY3JlYXRlIjoxODAwMDAwMDAwMDAwLCJkZWxldGUiOjE4MDAwMDAwMDAwMDAsInJlYWQiOjMwMDAwMDAwMDAwMCwidXBkYXRlIjoxODAwMDAwMDAwMDAwfX0=",
          "dependencies": [
            "azurerm_resource_group.rg"
          ]
        }
      ]
    },
    {
      "module": "module.db",
      "mode": "managed",
      "type": "azurerm_postgresql_flexible_server",
      "name": "pg",
      "provider": "provider[\"registry.terraform.io/hashicorp/azurerm\"]",
      "instances": [
        {
          "schema_version": 0,
          "attributes": {
            "administrator_login": "dbadmin",
            "administrator_password": "jjQtwJQ1moRuhpWE)?J@",
            "administrator_password_wo": null,
            "administrator_password_wo_version": 0,
            "authentication": [
              {
                "active_directory_auth_enabled": false,
                "password_auth_enabled": true,
                "tenant_id": ""
              }
            ],
            "auto_grow_enabled": false,
            "backup_retention_days": 7,
            "create_mode": null,
            "customer_managed_key": [],
            "delegated_subnet_id": "/subscriptions/305a475e-85bd-403d-b0b6-eaef09f2775d/resourceGroups/rg-default-recipes/providers/Microsoft.Network/virtualNetworks/vnet-default-recipes/subnets/subnet-default-recipes",
            "fqdn": "pg-default-recipes.postgres.database.azure.com",
            "geo_redundant_backup_enabled": false,
            "high_availability": [],
            "id": "/subscriptions/305a475e-85bd-403d-b0b6-eaef09f2775d/resourceGroups/rg-default-recipes/providers/Microsoft.DBforPostgreSQL/flexibleServers/pg-default-recipes",
            "identity": [],
            "location": "polandcentral",
            "maintenance_window": [],
            "name": "pg-default-recipes",
            "point_in_time_restore_time_in_utc": null,
            "private_dns_zone_id": "/subscriptions/305a475e-85bd-403d-b0b6-eaef09f2775d/resourceGroups/rg-default-recipes/providers/Microsoft.Network/privateDnsZones/default-recipes-pdz.postgres.database.azure.com",
            "public_network_access_enabled": false,
            "replication_role": "",
            "resource_group_name": "rg-default-recipes",
            "sku_name": "GP_Standard_D2s_v3",
            "source_server_id": null,
            "storage_mb": 32768,
            "storage_tier": "P4",
            "tags": null,
            "timeouts": null,
            "version": "14",
            "zone": "1"
          },
          "sensitive_attributes": [
            [
              {
                "type": "get_attr",
                "value": "administrator_password"
              }
            ]
          ],
          "private": "eyJlMmJmYjczMC1lY2FhLTExZTYtOGY4OC0zNDM2M2JjN2M0YzAiOnsiY3JlYXRlIjozNjAwMDAwMDAwMDAwLCJkZWxldGUiOjM2MDAwMDAwMDAwMDAsInJlYWQiOjMwMDAwMDAwMDAwMCwidXBkYXRlIjozNjAwMDAwMDAwMDAwfX0=",
          "dependencies": [
            "azurerm_resource_group.rg",
            "module.db.azurerm_network_security_group.nsg",
            "module.db.azurerm_private_dns_zone.private_dns",
            "module.db.azurerm_private_dns_zone_virtual_network_link.virtual_network_link",
            "module.db.azurerm_subnet.subnet",
            "module.db.azurerm_subnet_network_security_group_association.subnet_security_group",
            "module.db.azurerm_virtual_network.vnet",
            "module.db.random_password.pass"
          ]
        }
      ]
    },
    {
      "module": "module.db",
      "mode": "managed",
      "type": "azurerm_postgresql_flexible_server_database",
      "name": "db",
      "provider": "provider[\"registry.terraform.io/hashicorp/azurerm\"]",
      "instances": [
        {
          "schema_version": 0,
          "attributes": {
            "charset": "UTF8",
            "collation": "en_US.utf8",
            "id": "/subscriptions/305a475e-85bd-403d-b0b6-eaef09f2775d/resourceGroups/rg-default-recipes/providers/Microsoft.DBforPostgreSQL/flexibleServers/pg-default-recipes/databases/db-default-recipes",
            "name": "db-default-recipes",
            "server_id": "/subscriptions/305a475e-85bd-403d-b0b6-eaef09f2775d/resourceGroups/rg-default-recipes/providers/Microsoft.DBforPostgreSQL/flexibleServers/pg-default-recipes",
            "timeouts": null
          },
          "sensitive_attributes": [],
          "private": "eyJlMmJmYjczMC1lY2FhLTExZTYtOGY4OC0zNDM2M2JjN2M0YzAiOnsiY3JlYXRlIjoxODAwMDAwMDAwMDAwLCJkZWxldGUiOjE4MDAwMDAwMDAwMDAsInJlYWQiOjMwMDAwMDAwMDAwMH19",
          "dependencies": [
            "azurerm_resource_group.rg",
            "module.db.azurerm_network_security_group.nsg",
            "module.db.azurerm_postgresql_flexible_server.pg",
            "module.db.azurerm_private_dns_zone.private_dns",
            "module.db.azurerm_private_dns_zone_virtual_network_link.virtual_network_link",
            "module.db.azurerm_subnet.subnet",
            "module.db.azurerm_subnet_network_security_group_association.subnet_security_group",
            "module.db.azurerm_virtual_network.vnet",
            "module.db.random_password.pass"
          ]
        }
      ]
    },
    {
      "module": "module.db",
      "mode": "managed",
      "type": "azurerm_private_dns_zone",
      "name": "private_dns",
      "provider": "provider[\"registry.terraform.io/hashicorp/azurerm\"]",
      "instances": [
        {
          "schema_version": 0,
          "attributes": {
            "id": "/subscriptions/305a475e-85bd-403d-b0b6-eaef09f2775d/resourceGroups/rg-default-recipes/providers/Microsoft.Network/privateDnsZones/default-recipes-pdz.postgres.database.azure.com",
            "max_number_of_record_sets": 25000,
            "max_number_of_virtual_network_links": 1000,
            "max_number_of_virtual_network_links_with_registration": 100,
            "name": "default-recipes-pdz.postgres.database.azure.com",
            "number_of_record_sets": 1,
            "resource_group_name": "rg-default-recipes",
            "soa_record": [
              {
                "email": "azureprivatedns-host.microsoft.com",
                "expire_time": 2419200,
                "fqdn": "default-recipes-pdz.postgres.database.azure.com.",
                "host_name": "azureprivatedns.net",
                "minimum_ttl": 10,
                "refresh_time": 3600,
                "retry_time": 300,
                "serial_number": 1,
                "tags": {},
                "ttl": 3600
              }
            ],
            "tags": {},
            "timeouts": null
          },
          "sensitive_attributes": [],
          "private": "eyJlMmJmYjczMC1lY2FhLTExZTYtOGY4OC0zNDM2M2JjN2M0YzAiOnsiY3JlYXRlIjoxODAwMDAwMDAwMDAwLCJkZWxldGUiOjE4MDAwMDAwMDAwMDAsInJlYWQiOjMwMDAwMDAwMDAwMCwidXBkYXRlIjoxODAwMDAwMDAwMDAwfX0=",
          "dependencies": [
            "azurerm_resource_group.rg",
            "module.db.azurerm_network_security_group.nsg",
            "module.db.azurerm_subnet.subnet",
            "module.db.azurerm_subnet_network_security_group_association.subnet_security_group",
            "module.db.azurerm_virtual_network.vnet"
          ]
        }
      ]
    },
    {
      "module": "module.db",
      "mode": "managed",
      "type": "azurerm_private_dns_zone_virtual_network_link",
      "name": "virtual_network_link",
      "provider": "provider[\"registry.terraform.io/hashicorp/azurerm\"]",
      "instances": [
        {
          "schema_version": 0,
          "attributes": {
            "id": "/subscriptions/305a475e-85bd-403d-b0b6-eaef09f2775d/resourceGroups/rg-default-recipes/providers/Microsoft.Network/privateDnsZones/default-recipes-pdz.postgres.database.azure.com/virtualNetworkLinks/default-recipes-pdzvnetlink.com",
            "name": "default-recipes-pdzvnetlink.com",
            "private_dns_zone_name": "default-recipes-pdz.postgres.database.azure.com",
            "registration_enabled": false,
            "resource_group_name": "rg-default-recipes",
            "tags": {},
            "timeouts": null,
            "virtual_network_id": "/subscriptions/305a475e-85bd-403d-b0b6-eaef09f2775d/resourceGroups/rg-default-recipes/providers/Microsoft.Network/virtualNetworks/vnet-default-recipes"
          },
          "sensitive_attributes": [],
          "private": "eyJlMmJmYjczMC1lY2FhLTExZTYtOGY4OC0zNDM2M2JjN2M0YzAiOnsiY3JlYXRlIjoxODAwMDAwMDAwMDAwLCJkZWxldGUiOjE4MDAwMDAwMDAwMDAsInJlYWQiOjMwMDAwMDAwMDAwMCwidXBkYXRlIjoxODAwMDAwMDAwMDAwfX0=",
          "dependencies": [
            "azurerm_resource_group.rg",
            "module.db.azurerm_network_security_group.nsg",
            "module.db.azurerm_private_dns_zone.private_dns",
            "module.db.azurerm_subnet.subnet",
            "module.db.azurerm_subnet_network_security_group_association.subnet_security_group",
            "module.db.azurerm_virtual_network.vnet"
          ]
        }
      ]
    },
    {
      "module": "module.db",
      "mode": "managed",
      "type": "azurerm_subnet",
      "name": "subnet",
      "provider": "provider[\"registry.terraform.io/hashicorp/azurerm\"]",
      "instances": [
        {
          "schema_version": 0,
          "attributes": {
            "address_prefixes": [
              "10.0.2.0/24"
            ],
            "default_outbound_access_enabled": true,
            "delegation": [
              {
                "name": "fs",
                "service_delegation": [
                  {
                    "actions": [
                      "Microsoft.Network/virtualNetworks/subnets/join/action"
                    ],
                    "name": "Microsoft.DBforPostgreSQL/flexibleServers"
                  }
                ]
              }
            ],
            "id": "/subscriptions/305a475e-85bd-403d-b0b6-eaef09f2775d/resourceGroups/rg-default-recipes/providers/Microsoft.Network/virtualNetworks/vnet-default-recipes/subnets/subnet-default-recipes",
            "name": "subnet-default-recipes",
            "private_endpoint_network_policies": "Disabled",
            "private_link_service_network_policies_enabled": true,
            "resource_group_name": "rg-default-recipes",
            "service_endpoint_policy_ids": [],
            "service_endpoints": [
              "Microsoft.Storage"
            ],
            "timeouts": null,
            "virtual_network_name": "vnet-default-recipes"
          },
          "sensitive_attributes": [],
          "private": "eyJlMmJmYjczMC1lY2FhLTExZTYtOGY4OC0zNDM2M2JjN2M0YzAiOnsiY3JlYXRlIjoxODAwMDAwMDAwMDAwLCJkZWxldGUiOjE4MDAwMDAwMDAwMDAsInJlYWQiOjMwMDAwMDAwMDAwMCwidXBkYXRlIjoxODAwMDAwMDAwMDAwfX0=",
          "dependencies": [
            "azurerm_resource_group.rg",
            "module.db.azurerm_virtual_network.vnet"
          ]
        }
      ]
    },
    {
      "module": "module.db",
      "mode": "managed",
      "type": "azurerm_subnet_network_security_group_association",
      "name": "subnet_security_group",
      "provider": "provider[\"registry.terraform.io/hashicorp/azurerm\"]",
      "instances": [
        {
          "schema_version": 0,
          "attributes": {
            "id": "/subscriptions/305a475e-85bd-403d-b0b6-eaef09f2775d/resourceGroups/rg-default-recipes/providers/Microsoft.Network/virtualNetworks/vnet-default-recipes/subnets/subnet-default-recipes",
            "network_security_group_id": "/subscriptions/305a475e-85bd-403d-b0b6-eaef09f2775d/resourceGroups/rg-default-recipes/providers/Microsoft.Network/networkSecurityGroups/nsg-default-recipes",
            "subnet_id": "/subscriptions/305a475e-85bd-403d-b0b6-eaef09f2775d/resourceGroups/rg-default-recipes/providers/Microsoft.Network/virtualNetworks/vnet-default-recipes/subnets/subnet-default-recipes",
            "timeouts": null
          },
          "sensitive_attributes": [],
          "private": "eyJlMmJmYjczMC1lY2FhLTExZTYtOGY4OC0zNDM2M2JjN2M0YzAiOnsiY3JlYXRlIjoxODAwMDAwMDAwMDAwLCJkZWxldGUiOjE4MDAwMDAwMDAwMDAsInJlYWQiOjMwMDAwMDAwMDAwMH19",
          "dependencies": [
            "azurerm_resource_group.rg",
            "module.db.azurerm_network_security_group.nsg",
            "module.db.azurerm_subnet.subnet",
            "module.db.azurerm_virtual_network.vnet"
          ]
        }
      ]
    },
    {
      "module": "module.db",
      "mode": "managed",
      "type": "azurerm_virtual_network",
      "name": "vnet",
      "provider": "provider[\"registry.terraform.io/hashicorp/azurerm\"]",
      "instances": [
        {
          "schema_version": 0,
          "attributes": {
            "address_space": [
              "10.0.0.0/16"
            ],
            "bgp_community": "",
            "ddos_protection_plan": [],
            "dns_servers": [],
            "edge_zone": "",
            "encryption": [],
            "flow_timeout_in_minutes": 0,
            "guid": "d52c653b-b0db-4896-a43e-e8e116f3368f",
            "id": "/subscriptions/305a475e-85bd-403d-b0b6-eaef09f2775d/resourceGroups/rg-default-recipes/providers/Microsoft.Network/virtualNetworks/vnet-default-recipes",
            "location": "polandcentral",
            "name": "vnet-default-recipes",
            "private_endpoint_vnet_policies": "Disabled",
            "resource_group_name": "rg-default-recipes",
            "subnet": [
              {
                "address_prefixes": [
                  "10.0.2.0/24"
                ],
                "default_outbound_access_enabled": true,
                "delegation": [
                  {
                    "name": "fs",
                    "service_delegation": [
                      {
                        "actions": [
                          "Microsoft.Network/virtualNetworks/subnets/join/action"
                        ],
                        "name": "Microsoft.DBforPostgreSQL/flexibleServers"
                      }
                    ]
                  }
                ],
                "id": "/subscriptions/305a475e-85bd-403d-b0b6-eaef09f2775d/resourceGroups/rg-default-recipes/providers/Microsoft.Network/virtualNetworks/vnet-default-recipes/subnets/subnet-default-recipes",
                "name": "subnet-default-recipes",
                "private_endpoint_network_policies": "Disabled",
                "private_link_service_network_policies_enabled": true,
                "route_table_id": "",
                "security_group": "/subscriptions/305a475e-85bd-403d-b0b6-eaef09f2775d/resourceGroups/rg-default-recipes/providers/Microsoft.Network/networkSecurityGroups/nsg-default-recipes",
                "service_endpoint_policy_ids": [],
                "service_endpoints": [
                  "Microsoft.Storage"
                ]
              }
            ],
            "tags": {},
            "timeouts": null
          },
          "sensitive_attributes": [],
          "private": "eyJlMmJmYjczMC1lY2FhLTExZTYtOGY4OC0zNDM2M2JjN2M0YzAiOnsiY3JlYXRlIjoxODAwMDAwMDAwMDAwLCJkZWxldGUiOjE4MDAwMDAwMDAwMDAsInJlYWQiOjMwMDAwMDAwMDAwMCwidXBkYXRlIjoxODAwMDAwMDAwMDAwfX0=",
          "dependencies": [
            "azurerm_resource_group.rg"
          ]
        }
      ]
    },
    {
      "module": "module.db",
      "mode": "managed",
      "type": "random_password",
      "name": "pass",
      "provider": "provider[\"registry.terraform.io/hashicorp/random\"]",
      "instances": [
        {
          "schema_version": 3,
          "attributes": {
            "bcrypt_hash": "$2a$10$wFjHwmgo8jcaFAXPa8VjmO4YfkjpltGC5YUiJf5Xj0KlFz/tQf3IK",
            "id": "none",
            "keepers": null,
            "length": 20,
            "lower": true,
            "min_lower": 0,
            "min_numeric": 0,
            "min_special": 0,
            "min_upper": 0,
            "number": true,
            "numeric": true,
            "override_special": null,
            "result": "jjQtwJQ1moRuhpWE)?J@",
            "special": true,
            "upper": true
          },
          "sensitive_attributes": [
            [
              {
                "type": "get_attr",
                "value": "result"
              }
            ],
            [
              {
                "type": "get_attr",
                "value": "bcrypt_hash"
              }
            ]
          ]
        }
      ]
    },
    {
      "module": "module.web",
      "mode": "managed",
      "type": "azurerm_linux_web_app",
      "name": "app",
      "provider": "provider[\"registry.terraform.io/hashicorp/azurerm\"]",
      "instances": [
        {
          "schema_version": 1,
          "attributes": {
            "app_settings": null,
            "auth_settings": [],
            "auth_settings_v2": [],
            "backup": [],
            "client_affinity_enabled": false,
            "client_certificate_enabled": false,
            "client_certificate_exclusion_paths": "",
            "client_certificate_mode": "Required",
            "connection_string": [],
            "custom_domain_verification_id": "CBE08881F2F5D69087F066E9B5E7B8CFE8CD0EAAB0D85C17B07372E835C65495",
            "default_hostname": "app-default-recipes.azurewebsites.net",
            "enabled": true,
            "ftp_publish_basic_authentication_enabled": true,
            "hosting_environment_id": "",
            "https_only": true,
            "id": "/subscriptions/305a475e-85bd-403d-b0b6-eaef09f2775d/resourceGroups/rg-default-recipes/providers/Microsoft.Web/sites/app-default-recipes",
            "identity": [],
            "key_vault_reference_identity_id": "SystemAssigned",
            "kind": "app,linux",
            "location": "polandcentral",
            "logs": [],
            "name": "app-default-recipes",
            "outbound_ip_address_list": [
              "20.215.176.248",
              "20.215.177.84",
              "20.215.177.108",
              "20.215.177.165",
              "20.215.177.176",
              "20.215.177.50",
              "20.215.128.221",
              "20.215.128.249",
              "20.215.130.144",
              "20.215.130.165",
              "20.215.130.193",
              "20.215.130.235",
              "20.215.12.1"
            ],
            "outbound_ip_addresses": "20.215.176.248,20.215.177.84,20.215.177.108,20.215.177.165,20.215.177.176,20.215.177.50,20.215.128.221,20.215.128.249,20.215.130.144,20.215.130.165,20.215.130.193,20.215.130.235,20.215.12.1",
            "possible_outbound_ip_address_list": [
              "20.215.176.248",
              "20.215.177.84",
              "20.215.177.108",
              "20.215.177.165",
              "20.215.177.176",
              "20.215.177.50",
              "20.215.128.221",
              "20.215.128.249",
              "20.215.130.144",
              "20.215.130.165",
              "20.215.130.193",
              "20.215.130.235",
              "20.215.131.4",
              "20.215.128.84",
              "20.215.128.138",
              "20.215.128.172",
              "20.215.130.154",
              "20.215.130.155",
              "20.215.130.159",
              "20.215.130.171",
              "20.215.130.246",
              "20.215.128.137",
              "20.215.131.7",
              "20.215.128.88",
              "20.215.131.24",
              "20.215.128.53",
              "20.215.128.153",
              "20.215.128.155",
              "20.215.128.218",
              "20.215.130.160",
              "20.215.12.1"
            ],
            "possible_outbound_ip_addresses": "20.215.176.248,20.215.177.84,20.215.177.108,20.215.177.165,20.215.177.176,20.215.177.50,20.215.128.221,20.215.128.249,20.215.130.144,20.215.130.165,20.215.130.193,20.215.130.235,20.215.131.4,20.215.128.84,20.215.128.138,20.215.128.172,20.215.130.154,20.215.130.155,20.215.130.159,20.215.130.171,20.215.130.246,20.215.128.137,20.215.131.7,20.215.128.88,20.215.131.24,20.215.128.53,20.215.128.153,20.215.128.155,20.215.128.218,20.215.130.160,20.215.12.1",
            "public_network_access_enabled": true,
            "resource_group_name": "rg-default-recipes",
            "service_plan_id": "/subscriptions/305a475e-85bd-403d-b0b6-eaef09f2775d/resourceGroups/rg-default-recipes/providers/Microsoft.Web/serverFarms/app_plan-default-recipes",
            "site_config": [
              {
                "always_on": false,
                "api_definition_url": "",
                "api_management_api_id": "",
                "app_command_line": "",
                "application_stack": [
                  {
                    "docker_image_name": "",
                    "docker_registry_password": "",
                    "docker_registry_url": "",
                    "docker_registry_username": "",
                    "dotnet_version": "8.0",
                    "go_version": "",
                    "java_server": "",
                    "java_server_version": "",
                    "java_version": "",
                    "node_version": "",
                    "php_version": "",
                    "python_version": "",
                    "ruby_version": ""
                  }
                ],
                "auto_heal_setting": [],
                "container_registry_managed_identity_client_id": "",
                "container_registry_use_managed_identity": false,
                "cors": [],
                "default_documents": [
                  "Default.htm",
                  "Default.html",
                  "Default.asp",
                  "index.htm",
                  "index.html",
                  "iisstart.htm",
                  "default.aspx",
                  "index.php",
                  "hostingstart.html"
                ],
                "detailed_error_logging_enabled": false,
                "ftps_state": "Disabled",
                "health_check_eviction_time_in_min": 0,
                "health_check_path": "",
                "http2_enabled": false,
                "ip_restriction": [],
                "ip_restriction_default_action": "Allow",
                "linux_fx_version": "DOTNETCORE|8.0",
                "load_balancing_mode": "LeastRequests",
                "local_mysql_enabled": false,
                "managed_pipeline_mode": "Integrated",
                "minimum_tls_version": "1.2",
                "remote_debugging_enabled": false,
                "remote_debugging_version": "VS2022",
                "scm_ip_restriction": [],
                "scm_ip_restriction_default_action": "Allow",
                "scm_minimum_tls_version": "1.2",
                "scm_type": "None",
                "scm_use_main_ip_restriction": false,
                "use_32_bit_worker": true,
                "vnet_route_all_enabled": false,
                "websockets_enabled": false,
                "worker_count": 1
              }
            ],
            "site_credential": [
              {
                "name": "$app-default-recipes",
                "password": "rFWvawAX49fgunrgantNKavDsitMbGf63wGWPu1FAXbsGRc4cBtApekSup1B"
              }
            ],
            "sticky_settings": [],
            "storage_account": [],
            "tags": null,
            "timeouts": null,
            "virtual_network_backup_restore_enabled": false,
            "virtual_network_subnet_id": "",
            "webdeploy_publish_basic_authentication_enabled": true,
            "zip_deploy_file": ""
          },
          "sensitive_attributes": [
            [
              {
                "type": "get_attr",
                "value": "site_credential"
              }
            ],
            [
              {
                "type": "get_attr",
                "value": "site_config"
              },
              {
                "type": "index",
                "value": {
                  "value": 0,
                  "type": "number"
                }
              },
              {
                "type": "get_attr",
                "value": "application_stack"
              },
              {
                "type": "index",
                "value": {
                  "value": 0,
                  "type": "number"
                }
              },
              {
                "type": "get_attr",
                "value": "docker_registry_password"
              }
            ],
            [
              {
                "type": "get_attr",
                "value": "custom_domain_verification_id"
              }
            ]
          ],
          "private": "eyJlMmJmYjczMC1lY2FhLTExZTYtOGY4OC0zNDM2M2JjN2M0YzAiOnsiY3JlYXRlIjoxODAwMDAwMDAwMDAwLCJkZWxldGUiOjE4MDAwMDAwMDAwMDAsInJlYWQiOjMwMDAwMDAwMDAwMCwidXBkYXRlIjoxODAwMDAwMDAwMDAwfSwic2NoZW1hX3ZlcnNpb24iOiIxIn0=",
          "dependencies": [
            "azurerm_resource_group.rg",
            "module.web.azurerm_service_plan.app_plan"
          ]
        }
      ]
    },
    {
      "module": "module.web",
      "mode": "managed",
      "type": "azurerm_service_plan",
      "name": "app_plan",
      "provider": "provider[\"registry.terraform.io/hashicorp/azurerm\"]",
      "instances": [
        {
          "schema_version": 1,
          "attributes": {
            "app_service_environment_id": "",
            "id": "/subscriptions/305a475e-85bd-403d-b0b6-eaef09f2775d/resourceGroups/rg-default-recipes/providers/Microsoft.Web/serverFarms/app_plan-default-recipes",
            "kind": "linux",
            "location": "polandcentral",
            "maximum_elastic_worker_count": 1,
            "name": "app_plan-default-recipes",
            "os_type": "Linux",
            "per_site_scaling_enabled": false,
            "premium_plan_auto_scale_enabled": false,
            "reserved": true,
            "resource_group_name": "rg-default-recipes",
            "sku_name": "F1",
            "tags": {},
            "timeouts": null,
            "worker_count": 1,
            "zone_balancing_enabled": false
          },
          "sensitive_attributes": [],
          "private": "eyJlMmJmYjczMC1lY2FhLTExZTYtOGY4OC0zNDM2M2JjN2M0YzAiOnsiY3JlYXRlIjozNjAwMDAwMDAwMDAwLCJkZWxldGUiOjM2MDAwMDAwMDAwMDAsInJlYWQiOjMwMDAwMDAwMDAwMCwidXBkYXRlIjozNjAwMDAwMDAwMDAwfSwic2NoZW1hX3ZlcnNpb24iOiIxIn0=",
          "dependencies": [
            "azurerm_resource_group.rg"
          ]
        }
      ]
    }
  ],
  "check_results": null
}
